// !$*UTF8*$!
{
	archiveVersion = 1;
	classes = {
	};
	objectVersion = 56;
	objects = {

/* Begin PBXBuildFile section */
		02BC91892BF7350F00221CCB /* SplashView.swift in Sources */ = {isa = PBXBuildFile; fileRef = 02BC91882BF7350F00221CCB /* SplashView.swift */; };
		02BC918D2BF78A8500221CCB /* HomeView.swift in Sources */ = {isa = PBXBuildFile; fileRef = 02BC918C2BF78A8500221CCB /* HomeView.swift */; };
		02BC918F2BF78AA200221CCB /* MapView.swift in Sources */ = {isa = PBXBuildFile; fileRef = 02BC918E2BF78AA200221CCB /* MapView.swift */; };
		02BC91912BF78AB600221CCB /* ProfileView.swift in Sources */ = {isa = PBXBuildFile; fileRef = 02BC91902BF78AB600221CCB /* ProfileView.swift */; };
		523E29B92C074FC60084F217 /* UserManager.swift in Sources */ = {isa = PBXBuildFile; fileRef = 523E29B82C074FC60084F217 /* UserManager.swift */; };
		523E29BB2C0758990084F217 /* GoogleService-Info.plist in Resources */ = {isa = PBXBuildFile; fileRef = 523E29BA2C0758990084F217 /* GoogleService-Info.plist */; };
		5291D2E82BF64EBC004B7109 /* StartViewUser.swift in Sources */ = {isa = PBXBuildFile; fileRef = 5291D2E72BF64EBC004B7109 /* StartViewUser.swift */; };
		5291D2ED2BF67F16004B7109 /* GoogleSignIn in Frameworks */ = {isa = PBXBuildFile; productRef = 5291D2EC2BF67F16004B7109 /* GoogleSignIn */; };
		5291D2EF2BF67F16004B7109 /* GoogleSignInSwift in Frameworks */ = {isa = PBXBuildFile; productRef = 5291D2EE2BF67F16004B7109 /* GoogleSignInSwift */; };
		5291D2F32BF68E7C004B7109 /* GoogleSignInButton.swift in Sources */ = {isa = PBXBuildFile; fileRef = 5291D2F22BF68E7C004B7109 /* GoogleSignInButton.swift */; };
		5291D2F92BFB69D7004B7109 /* SignUpView.swift in Sources */ = {isa = PBXBuildFile; fileRef = 5291D2F82BFB69D7004B7109 /* SignUpView.swift */; };
		5291D2FB2BFB6E4B004B7109 /* SignInView.swift in Sources */ = {isa = PBXBuildFile; fileRef = 5291D2FA2BFB6E4B004B7109 /* SignInView.swift */; };
		5291D3392BFD3420004B7109 /* RatingView.swift in Sources */ = {isa = PBXBuildFile; fileRef = 5291D3382BFD3420004B7109 /* RatingView.swift */; };
		594965892C05F9D3002F08F1 /* SearchbarView.swift in Sources */ = {isa = PBXBuildFile; fileRef = 594965882C05F9D3002F08F1 /* SearchbarView.swift */; };
		5949658B2C060115002F08F1 /* SearchCompleter.swift in Sources */ = {isa = PBXBuildFile; fileRef = 5949658A2C060115002F08F1 /* SearchCompleter.swift */; };
		59CF165D2BFD20E600ABBA67 /* LocationManager.swift in Sources */ = {isa = PBXBuildFile; fileRef = 59CF165C2BFD20E600ABBA67 /* LocationManager.swift */; };
		59DB35EA2C050E66003655DF /* FoodTruckService.swift in Sources */ = {isa = PBXBuildFile; fileRef = 59DB35E92C050E66003655DF /* FoodTruckService.swift */; };
		CEA40DA62C09FBFD00B77027 /* AuthManager.swift in Sources */ = {isa = PBXBuildFile; fileRef = CEA40DA52C09FBFD00B77027 /* AuthManager.swift */; };
		CEA4E7D42C0529B300BEDE81 /* FoodTruckImagePickerViewModel.swift in Sources */ = {isa = PBXBuildFile; fileRef = CEA4E7D32C0529B300BEDE81 /* FoodTruckImagePickerViewModel.swift */; };
		CEA4E7D72C052CED00BEDE81 /* TruckImagePicker.swift in Sources */ = {isa = PBXBuildFile; fileRef = CEA4E7D62C052CED00BEDE81 /* TruckImagePicker.swift */; };
		CEAB08062BFA6484005AE0E9 /* FoodTruckModel.swift in Sources */ = {isa = PBXBuildFile; fileRef = CEAB08052BFA6484005AE0E9 /* FoodTruckModel.swift */; };
		CEAB08082BFA6571005AE0E9 /* FoodTruckViewModel.swift in Sources */ = {isa = PBXBuildFile; fileRef = CEAB08072BFA6571005AE0E9 /* FoodTruckViewModel.swift */; };
		CEAB080A2BFA6621005AE0E9 /* FoodTruckProfileView.swift in Sources */ = {isa = PBXBuildFile; fileRef = CEAB08092BFA6621005AE0E9 /* FoodTruckProfileView.swift */; };
		CEAB080C2BFA8C70005AE0E9 /* FoodTruckEditView.swift in Sources */ = {isa = PBXBuildFile; fileRef = CEAB080B2BFA8C70005AE0E9 /* FoodTruckEditView.swift */; };
		CEAB080E2BFA901A005AE0E9 /* LocationMapView.swift in Sources */ = {isa = PBXBuildFile; fileRef = CEAB080D2BFA901A005AE0E9 /* LocationMapView.swift */; };
		CEB9EB362BF1F5450093A288 /* FoodTruckFinderApp.swift in Sources */ = {isa = PBXBuildFile; fileRef = CEB9EB352BF1F5450093A288 /* FoodTruckFinderApp.swift */; };
		CEB9EB382BF1F5460093A288 /* ContentView.swift in Sources */ = {isa = PBXBuildFile; fileRef = CEB9EB372BF1F5460093A288 /* ContentView.swift */; };
		CEB9EB3A2BF1F5490093A288 /* Assets.xcassets in Resources */ = {isa = PBXBuildFile; fileRef = CEB9EB392BF1F5490093A288 /* Assets.xcassets */; };
		CEB9EB3D2BF1F5490093A288 /* Preview Assets.xcassets in Resources */ = {isa = PBXBuildFile; fileRef = CEB9EB3C2BF1F5490093A288 /* Preview Assets.xcassets */; };
		CEB9EB452BF1FE9B0093A288 /* FirebaseAnalyticsSwift in Frameworks */ = {isa = PBXBuildFile; productRef = CEB9EB442BF1FE9B0093A288 /* FirebaseAnalyticsSwift */; };
		CEB9EB472BF1FE9B0093A288 /* FirebaseAuth in Frameworks */ = {isa = PBXBuildFile; productRef = CEB9EB462BF1FE9B0093A288 /* FirebaseAuth */; };
		CEB9EB492BF1FE9B0093A288 /* FirebaseDatabaseSwift in Frameworks */ = {isa = PBXBuildFile; productRef = CEB9EB482BF1FE9B0093A288 /* FirebaseDatabaseSwift */; };
		CEB9EB4B2BF1FE9B0093A288 /* FirebaseFirestoreSwift in Frameworks */ = {isa = PBXBuildFile; productRef = CEB9EB4A2BF1FE9B0093A288 /* FirebaseFirestoreSwift */; };
		CEB9EB4D2BF1FE9B0093A288 /* FirebaseStorage in Frameworks */ = {isa = PBXBuildFile; productRef = CEB9EB4C2BF1FE9B0093A288 /* FirebaseStorage */; };
		CEB9EB562BF217840093A288 /* FirebasePlist.swift in Sources */ = {isa = PBXBuildFile; fileRef = CEB9EB552BF217840093A288 /* FirebasePlist.swift */; };
		E06B58D22BFDF6A2001D219E /* ImagePicker.swift in Sources */ = {isa = PBXBuildFile; fileRef = E06B58D12BFDF6A2001D219E /* ImagePicker.swift */; };
		E094B49D2C05CCF8008DB773 /* AuthViewModel.swift in Sources */ = {isa = PBXBuildFile; fileRef = E094B49C2C05CCF8008DB773 /* AuthViewModel.swift */; };
/* End PBXBuildFile section */

/* Begin PBXFileReference section */
		02BC91882BF7350F00221CCB /* SplashView.swift */ = {isa = PBXFileReference; lastKnownFileType = sourcecode.swift; path = SplashView.swift; sourceTree = "<group>"; };
		02BC918C2BF78A8500221CCB /* HomeView.swift */ = {isa = PBXFileReference; lastKnownFileType = sourcecode.swift; path = HomeView.swift; sourceTree = "<group>"; };
		02BC918E2BF78AA200221CCB /* MapView.swift */ = {isa = PBXFileReference; lastKnownFileType = sourcecode.swift; path = MapView.swift; sourceTree = "<group>"; };
		02BC91902BF78AB600221CCB /* ProfileView.swift */ = {isa = PBXFileReference; lastKnownFileType = sourcecode.swift; path = ProfileView.swift; sourceTree = "<group>"; };
		523E29B82C074FC60084F217 /* UserManager.swift */ = {isa = PBXFileReference; lastKnownFileType = sourcecode.swift; path = UserManager.swift; sourceTree = "<group>"; };
		523E29BA2C0758990084F217 /* GoogleService-Info.plist */ = {isa = PBXFileReference; fileEncoding = 4; lastKnownFileType = text.plist.xml; path = "GoogleService-Info.plist"; sourceTree = "<group>"; };
		5291D2E72BF64EBC004B7109 /* StartViewUser.swift */ = {isa = PBXFileReference; lastKnownFileType = sourcecode.swift; name = StartViewUser.swift; path = Views/StartViewUser.swift; sourceTree = SOURCE_ROOT; };
		5291D2F22BF68E7C004B7109 /* GoogleSignInButton.swift */ = {isa = PBXFileReference; lastKnownFileType = sourcecode.swift; name = GoogleSignInButton.swift; path = Views/GoogleSignInButton.swift; sourceTree = SOURCE_ROOT; };
		5291D2F82BFB69D7004B7109 /* SignUpView.swift */ = {isa = PBXFileReference; lastKnownFileType = sourcecode.swift; name = SignUpView.swift; path = Views/SignUpView.swift; sourceTree = SOURCE_ROOT; };
		5291D2FA2BFB6E4B004B7109 /* SignInView.swift */ = {isa = PBXFileReference; lastKnownFileType = sourcecode.swift; path = SignInView.swift; sourceTree = "<group>"; };
		5291D3382BFD3420004B7109 /* RatingView.swift */ = {isa = PBXFileReference; lastKnownFileType = sourcecode.swift; path = RatingView.swift; sourceTree = "<group>"; };
		594965882C05F9D3002F08F1 /* SearchbarView.swift */ = {isa = PBXFileReference; lastKnownFileType = sourcecode.swift; path = SearchbarView.swift; sourceTree = "<group>"; };
		5949658A2C060115002F08F1 /* SearchCompleter.swift */ = {isa = PBXFileReference; lastKnownFileType = sourcecode.swift; path = SearchCompleter.swift; sourceTree = "<group>"; };
		59CF165C2BFD20E600ABBA67 /* LocationManager.swift */ = {isa = PBXFileReference; lastKnownFileType = sourcecode.swift; path = LocationManager.swift; sourceTree = "<group>"; };
		59DB35E92C050E66003655DF /* FoodTruckService.swift */ = {isa = PBXFileReference; lastKnownFileType = sourcecode.swift; path = FoodTruckService.swift; sourceTree = "<group>"; };
		CEA40DA52C09FBFD00B77027 /* AuthManager.swift */ = {isa = PBXFileReference; lastKnownFileType = sourcecode.swift; path = AuthManager.swift; sourceTree = "<group>"; };
		CEA4E7D32C0529B300BEDE81 /* FoodTruckImagePickerViewModel.swift */ = {isa = PBXFileReference; lastKnownFileType = sourcecode.swift; path = FoodTruckImagePickerViewModel.swift; sourceTree = "<group>"; };
		CEA4E7D62C052CED00BEDE81 /* TruckImagePicker.swift */ = {isa = PBXFileReference; lastKnownFileType = sourcecode.swift; path = TruckImagePicker.swift; sourceTree = "<group>"; };
		CEAB08052BFA6484005AE0E9 /* FoodTruckModel.swift */ = {isa = PBXFileReference; lastKnownFileType = sourcecode.swift; path = FoodTruckModel.swift; sourceTree = "<group>"; };
		CEAB08072BFA6571005AE0E9 /* FoodTruckViewModel.swift */ = {isa = PBXFileReference; lastKnownFileType = sourcecode.swift; path = FoodTruckViewModel.swift; sourceTree = "<group>"; };
		CEAB08092BFA6621005AE0E9 /* FoodTruckProfileView.swift */ = {isa = PBXFileReference; lastKnownFileType = sourcecode.swift; path = FoodTruckProfileView.swift; sourceTree = "<group>"; };
		CEAB080B2BFA8C70005AE0E9 /* FoodTruckEditView.swift */ = {isa = PBXFileReference; lastKnownFileType = sourcecode.swift; path = FoodTruckEditView.swift; sourceTree = "<group>"; };
		CEAB080D2BFA901A005AE0E9 /* LocationMapView.swift */ = {isa = PBXFileReference; lastKnownFileType = sourcecode.swift; path = LocationMapView.swift; sourceTree = "<group>"; };
		CEB9EB322BF1F5450093A288 /* FoodTruckFinder.app */ = {isa = PBXFileReference; explicitFileType = wrapper.application; includeInIndex = 0; path = FoodTruckFinder.app; sourceTree = BUILT_PRODUCTS_DIR; };
		CEB9EB352BF1F5450093A288 /* FoodTruckFinderApp.swift */ = {isa = PBXFileReference; lastKnownFileType = sourcecode.swift; path = FoodTruckFinderApp.swift; sourceTree = "<group>"; };
		CEB9EB372BF1F5460093A288 /* ContentView.swift */ = {isa = PBXFileReference; lastKnownFileType = sourcecode.swift; path = ContentView.swift; sourceTree = "<group>"; };
		CEB9EB392BF1F5490093A288 /* Assets.xcassets */ = {isa = PBXFileReference; lastKnownFileType = folder.assetcatalog; path = Assets.xcassets; sourceTree = "<group>"; };
		CEB9EB3C2BF1F5490093A288 /* Preview Assets.xcassets */ = {isa = PBXFileReference; lastKnownFileType = folder.assetcatalog; path = "Preview Assets.xcassets"; sourceTree = "<group>"; };
		CEB9EB552BF217840093A288 /* FirebasePlist.swift */ = {isa = PBXFileReference; lastKnownFileType = sourcecode.swift; path = FirebasePlist.swift; sourceTree = "<group>"; };
		E06B58D12BFDF6A2001D219E /* ImagePicker.swift */ = {isa = PBXFileReference; lastKnownFileType = sourcecode.swift; path = ImagePicker.swift; sourceTree = "<group>"; };
		E094B49C2C05CCF8008DB773 /* AuthViewModel.swift */ = {isa = PBXFileReference; lastKnownFileType = sourcecode.swift; path = AuthViewModel.swift; sourceTree = "<group>"; };
/* End PBXFileReference section */

/* Begin PBXFrameworksBuildPhase section */
		CEB9EB2F2BF1F5450093A288 /* Frameworks */ = {
			isa = PBXFrameworksBuildPhase;
			buildActionMask = 2147483647;
			files = (
				CEB9EB492BF1FE9B0093A288 /* FirebaseDatabaseSwift in Frameworks */,
				CEB9EB452BF1FE9B0093A288 /* FirebaseAnalyticsSwift in Frameworks */,
				5291D2EF2BF67F16004B7109 /* GoogleSignInSwift in Frameworks */,
				CEB9EB472BF1FE9B0093A288 /* FirebaseAuth in Frameworks */,
				CEB9EB4D2BF1FE9B0093A288 /* FirebaseStorage in Frameworks */,
				CEB9EB4B2BF1FE9B0093A288 /* FirebaseFirestoreSwift in Frameworks */,
				5291D2ED2BF67F16004B7109 /* GoogleSignIn in Frameworks */,
			);
			runOnlyForDeploymentPostprocessing = 0;
		};
/* End PBXFrameworksBuildPhase section */

/* Begin PBXGroup section */
		CEA4E7D52C052CB600BEDE81 /* Components */ = {
			isa = PBXGroup;
			children = (
				CEA4E7D62C052CED00BEDE81 /* TruckImagePicker.swift */,
				5949658A2C060115002F08F1 /* SearchCompleter.swift */,
				CEA40DA52C09FBFD00B77027 /* AuthManager.swift */,
			);
			path = Components;
			sourceTree = "<group>";
		};
		CEA92BDF2BF5F97B00FD159A /* Models */ = {
			isa = PBXGroup;
			children = (
				CEAB08052BFA6484005AE0E9 /* FoodTruckModel.swift */,
				523E29B82C074FC60084F217 /* UserManager.swift */,
			);
			path = Models;
			sourceTree = "<group>";
		};
		CEA92BE02BF5F98200FD159A /* Views */ = {
			isa = PBXGroup;
			children = (
				5291D2E72BF64EBC004B7109 /* StartViewUser.swift */,
				5291D2F22BF68E7C004B7109 /* GoogleSignInButton.swift */,
				5291D2F82BFB69D7004B7109 /* SignUpView.swift */,
				5291D2FA2BFB6E4B004B7109 /* SignInView.swift */,
				CEAB08092BFA6621005AE0E9 /* FoodTruckProfileView.swift */,
				CEAB080B2BFA8C70005AE0E9 /* FoodTruckEditView.swift */,
				CEAB080D2BFA901A005AE0E9 /* LocationMapView.swift */,
				5291D3382BFD3420004B7109 /* RatingView.swift */,
				594965882C05F9D3002F08F1 /* SearchbarView.swift */,
			);
			path = Views;
			sourceTree = "<group>";
		};
		CEA92BE12BF5F98A00FD159A /* ViewModels */ = {
			isa = PBXGroup;
			children = (
				CEAB08072BFA6571005AE0E9 /* FoodTruckViewModel.swift */,
				59CF165C2BFD20E600ABBA67 /* LocationManager.swift */,
				CEA4E7D32C0529B300BEDE81 /* FoodTruckImagePickerViewModel.swift */,
			);
			path = ViewModels;
			sourceTree = "<group>";
		};
		CEB9EB292BF1F5450093A288 = {
			isa = PBXGroup;
			children = (
				E094B49C2C05CCF8008DB773 /* AuthViewModel.swift */,
				523E29BA2C0758990084F217 /* GoogleService-Info.plist */,
				CEA4E7D52C052CB600BEDE81 /* Components */,
				59DB35E92C050E66003655DF /* FoodTruckService.swift */,
				CEA92BDF2BF5F97B00FD159A /* Models */,
				CEA92BE02BF5F98200FD159A /* Views */,
				CEA92BE12BF5F98A00FD159A /* ViewModels */,
				CEB9EB552BF217840093A288 /* FirebasePlist.swift */,
				CEB9EB342BF1F5450093A288 /* FoodTruckFinder */,
				CEB9EB332BF1F5450093A288 /* Products */,
				E001D5B42BFDE40C00478558 /* Frameworks */,
			);
			sourceTree = "<group>";
		};
		CEB9EB332BF1F5450093A288 /* Products */ = {
			isa = PBXGroup;
			children = (
				CEB9EB322BF1F5450093A288 /* FoodTruckFinder.app */,
			);
			name = Products;
			sourceTree = "<group>";
		};
		CEB9EB342BF1F5450093A288 /* FoodTruckFinder */ = {
			isa = PBXGroup;
			children = (
				CEB9EB352BF1F5450093A288 /* FoodTruckFinderApp.swift */,
				CEB9EB372BF1F5460093A288 /* ContentView.swift */,
				CEB9EB392BF1F5490093A288 /* Assets.xcassets */,
				CEB9EB3B2BF1F5490093A288 /* Preview Content */,
				02BC91882BF7350F00221CCB /* SplashView.swift */,
				02BC918C2BF78A8500221CCB /* HomeView.swift */,
				02BC918E2BF78AA200221CCB /* MapView.swift */,
				02BC91902BF78AB600221CCB /* ProfileView.swift */,
				E06B58D12BFDF6A2001D219E /* ImagePicker.swift */,
			);
			path = FoodTruckFinder;
			sourceTree = "<group>";
		};
		CEB9EB3B2BF1F5490093A288 /* Preview Content */ = {
			isa = PBXGroup;
			children = (
				CEB9EB3C2BF1F5490093A288 /* Preview Assets.xcassets */,
			);
			path = "Preview Content";
			sourceTree = "<group>";
		};
		E001D5B42BFDE40C00478558 /* Frameworks */ = {
			isa = PBXGroup;
			children = (
			);
			name = Frameworks;
			sourceTree = "<group>";
		};
/* End PBXGroup section */

/* Begin PBXNativeTarget section */
		CEB9EB312BF1F5450093A288 /* FoodTruckFinder */ = {
			isa = PBXNativeTarget;
			buildConfigurationList = CEB9EB402BF1F5490093A288 /* Build configuration list for PBXNativeTarget "FoodTruckFinder" */;
			buildPhases = (
				CEB9EB2E2BF1F5450093A288 /* Sources */,
				CEB9EB2F2BF1F5450093A288 /* Frameworks */,
				CEB9EB302BF1F5450093A288 /* Resources */,
			);
			buildRules = (
			);
			dependencies = (
			);
			name = FoodTruckFinder;
			packageProductDependencies = (
				CEB9EB442BF1FE9B0093A288 /* FirebaseAnalyticsSwift */,
				CEB9EB462BF1FE9B0093A288 /* FirebaseAuth */,
				CEB9EB482BF1FE9B0093A288 /* FirebaseDatabaseSwift */,
				CEB9EB4A2BF1FE9B0093A288 /* FirebaseFirestoreSwift */,
				CEB9EB4C2BF1FE9B0093A288 /* FirebaseStorage */,
				5291D2EC2BF67F16004B7109 /* GoogleSignIn */,
				5291D2EE2BF67F16004B7109 /* GoogleSignInSwift */,
			);
			productName = FoodTruckFinder;
			productReference = CEB9EB322BF1F5450093A288 /* FoodTruckFinder.app */;
			productType = "com.apple.product-type.application";
		};
/* End PBXNativeTarget section */

/* Begin PBXProject section */
		CEB9EB2A2BF1F5450093A288 /* Project object */ = {
			isa = PBXProject;
			attributes = {
				BuildIndependentTargetsInParallel = 1;
				LastSwiftUpdateCheck = 1530;
				LastUpgradeCheck = 1530;
				TargetAttributes = {
					CEB9EB312BF1F5450093A288 = {
						CreatedOnToolsVersion = 15.3;
					};
				};
			};
			buildConfigurationList = CEB9EB2D2BF1F5450093A288 /* Build configuration list for PBXProject "FoodTruckFinder" */;
			compatibilityVersion = "Xcode 14.0";
			developmentRegion = en;
			hasScannedForEncodings = 0;
			knownRegions = (
				en,
				Base,
			);
			mainGroup = CEB9EB292BF1F5450093A288;
			packageReferences = (
				CEB9EB432BF1FE9B0093A288 /* XCRemoteSwiftPackageReference "firebase-ios-sdk" */,
				5291D2EB2BF67F16004B7109 /* XCRemoteSwiftPackageReference "GoogleSignIn-iOS" */,
			);
			productRefGroup = CEB9EB332BF1F5450093A288 /* Products */;
			projectDirPath = "";
			projectRoot = "";
			targets = (
				CEB9EB312BF1F5450093A288 /* FoodTruckFinder */,
			);
		};
/* End PBXProject section */

/* Begin PBXResourcesBuildPhase section */
		CEB9EB302BF1F5450093A288 /* Resources */ = {
			isa = PBXResourcesBuildPhase;
			buildActionMask = 2147483647;
			files = (
				CEB9EB3D2BF1F5490093A288 /* Preview Assets.xcassets in Resources */,
				523E29BB2C0758990084F217 /* GoogleService-Info.plist in Resources */,
				CEB9EB3A2BF1F5490093A288 /* Assets.xcassets in Resources */,
			);
			runOnlyForDeploymentPostprocessing = 0;
		};
/* End PBXResourcesBuildPhase section */

/* Begin PBXSourcesBuildPhase section */
		CEB9EB2E2BF1F5450093A288 /* Sources */ = {
			isa = PBXSourcesBuildPhase;
			buildActionMask = 2147483647;
			files = (
				02BC91912BF78AB600221CCB /* ProfileView.swift in Sources */,
				59CF165D2BFD20E600ABBA67 /* LocationManager.swift in Sources */,
				02BC918F2BF78AA200221CCB /* MapView.swift in Sources */,
				CEA40DA62C09FBFD00B77027 /* AuthManager.swift in Sources */,
				E06B58D22BFDF6A2001D219E /* ImagePicker.swift in Sources */,
				CEA4E7D72C052CED00BEDE81 /* TruckImagePicker.swift in Sources */,
				CEB9EB382BF1F5460093A288 /* ContentView.swift in Sources */,
				5291D2FB2BFB6E4B004B7109 /* SignInView.swift in Sources */,
				CEA4E7D42C0529B300BEDE81 /* FoodTruckImagePickerViewModel.swift in Sources */,
				CEAB080C2BFA8C70005AE0E9 /* FoodTruckEditView.swift in Sources */,
				5949658B2C060115002F08F1 /* SearchCompleter.swift in Sources */,
				02BC91892BF7350F00221CCB /* SplashView.swift in Sources */,
				CEAB080E2BFA901A005AE0E9 /* LocationMapView.swift in Sources */,
				CEAB08062BFA6484005AE0E9 /* FoodTruckModel.swift in Sources */,
				594965892C05F9D3002F08F1 /* SearchbarView.swift in Sources */,
				CEAB080A2BFA6621005AE0E9 /* FoodTruckProfileView.swift in Sources */,
				59DB35EA2C050E66003655DF /* FoodTruckService.swift in Sources */,
				523E29B92C074FC60084F217 /* UserManager.swift in Sources */,
				CEAB08082BFA6571005AE0E9 /* FoodTruckViewModel.swift in Sources */,
				02BC918D2BF78A8500221CCB /* HomeView.swift in Sources */,
				5291D3392BFD3420004B7109 /* RatingView.swift in Sources */,
				E094B49D2C05CCF8008DB773 /* AuthViewModel.swift in Sources */,
				CEB9EB362BF1F5450093A288 /* FoodTruckFinderApp.swift in Sources */,
				5291D2F32BF68E7C004B7109 /* GoogleSignInButton.swift in Sources */,
				5291D2E82BF64EBC004B7109 /* StartViewUser.swift in Sources */,
				5291D2F92BFB69D7004B7109 /* SignUpView.swift in Sources */,
				CEB9EB562BF217840093A288 /* FirebasePlist.swift in Sources */,
			);
			runOnlyForDeploymentPostprocessing = 0;
		};
/* End PBXSourcesBuildPhase section */

/* Begin XCBuildConfiguration section */
		CEB9EB3E2BF1F5490093A288 /* Debug */ = {
			isa = XCBuildConfiguration;
			buildSettings = {
				ALWAYS_SEARCH_USER_PATHS = NO;
				ASSETCATALOG_COMPILER_GENERATE_SWIFT_ASSET_SYMBOL_EXTENSIONS = YES;
				CLANG_ANALYZER_NONNULL = YES;
				CLANG_ANALYZER_NUMBER_OBJECT_CONVERSION = YES_AGGRESSIVE;
				CLANG_CXX_LANGUAGE_STANDARD = "gnu++20";
				CLANG_ENABLE_MODULES = YES;
				CLANG_ENABLE_OBJC_ARC = YES;
				CLANG_ENABLE_OBJC_WEAK = YES;
				CLANG_WARN_BLOCK_CAPTURE_AUTORELEASING = YES;
				CLANG_WARN_BOOL_CONVERSION = YES;
				CLANG_WARN_COMMA = YES;
				CLANG_WARN_CONSTANT_CONVERSION = YES;
				CLANG_WARN_DEPRECATED_OBJC_IMPLEMENTATIONS = YES;
				CLANG_WARN_DIRECT_OBJC_ISA_USAGE = YES_ERROR;
				CLANG_WARN_DOCUMENTATION_COMMENTS = YES;
				CLANG_WARN_EMPTY_BODY = YES;
				CLANG_WARN_ENUM_CONVERSION = YES;
				CLANG_WARN_INFINITE_RECURSION = YES;
				CLANG_WARN_INT_CONVERSION = YES;
				CLANG_WARN_NON_LITERAL_NULL_CONVERSION = YES;
				CLANG_WARN_OBJC_IMPLICIT_RETAIN_SELF = YES;
				CLANG_WARN_OBJC_LITERAL_CONVERSION = YES;
				CLANG_WARN_OBJC_ROOT_CLASS = YES_ERROR;
				CLANG_WARN_QUOTED_INCLUDE_IN_FRAMEWORK_HEADER = YES;
				CLANG_WARN_RANGE_LOOP_ANALYSIS = YES;
				CLANG_WARN_STRICT_PROTOTYPES = YES;
				CLANG_WARN_SUSPICIOUS_MOVE = YES;
				CLANG_WARN_UNGUARDED_AVAILABILITY = YES_AGGRESSIVE;
				CLANG_WARN_UNREACHABLE_CODE = YES;
				CLANG_WARN__DUPLICATE_METHOD_MATCH = YES;
				COPY_PHASE_STRIP = NO;
				DEBUG_INFORMATION_FORMAT = dwarf;
				ENABLE_STRICT_OBJC_MSGSEND = YES;
				ENABLE_TESTABILITY = YES;
				ENABLE_USER_SCRIPT_SANDBOXING = YES;
				GCC_C_LANGUAGE_STANDARD = gnu17;
				GCC_DYNAMIC_NO_PIC = NO;
				GCC_NO_COMMON_BLOCKS = YES;
				GCC_OPTIMIZATION_LEVEL = 0;
				GCC_PREPROCESSOR_DEFINITIONS = (
					"DEBUG=1",
					"$(inherited)",
				);
				GCC_WARN_64_TO_32_BIT_CONVERSION = YES;
				GCC_WARN_ABOUT_RETURN_TYPE = YES_ERROR;
				GCC_WARN_UNDECLARED_SELECTOR = YES;
				GCC_WARN_UNINITIALIZED_AUTOS = YES_AGGRESSIVE;
				GCC_WARN_UNUSED_FUNCTION = YES;
				GCC_WARN_UNUSED_VARIABLE = YES;
				IPHONEOS_DEPLOYMENT_TARGET = 17.4;
				LOCALIZATION_PREFERS_STRING_CATALOGS = YES;
				MTL_ENABLE_DEBUG_INFO = INCLUDE_SOURCE;
				MTL_FAST_MATH = YES;
				ONLY_ACTIVE_ARCH = YES;
				SDKROOT = iphoneos;
				SWIFT_ACTIVE_COMPILATION_CONDITIONS = "DEBUG $(inherited)";
				SWIFT_OPTIMIZATION_LEVEL = "-Onone";
			};
			name = Debug;
		};
		CEB9EB3F2BF1F5490093A288 /* Release */ = {
			isa = XCBuildConfiguration;
			buildSettings = {
				ALWAYS_SEARCH_USER_PATHS = NO;
				ASSETCATALOG_COMPILER_GENERATE_SWIFT_ASSET_SYMBOL_EXTENSIONS = YES;
				CLANG_ANALYZER_NONNULL = YES;
				CLANG_ANALYZER_NUMBER_OBJECT_CONVERSION = YES_AGGRESSIVE;
				CLANG_CXX_LANGUAGE_STANDARD = "gnu++20";
				CLANG_ENABLE_MODULES = YES;
				CLANG_ENABLE_OBJC_ARC = YES;
				CLANG_ENABLE_OBJC_WEAK = YES;
				CLANG_WARN_BLOCK_CAPTURE_AUTORELEASING = YES;
				CLANG_WARN_BOOL_CONVERSION = YES;
				CLANG_WARN_COMMA = YES;
				CLANG_WARN_CONSTANT_CONVERSION = YES;
				CLANG_WARN_DEPRECATED_OBJC_IMPLEMENTATIONS = YES;
				CLANG_WARN_DIRECT_OBJC_ISA_USAGE = YES_ERROR;
				CLANG_WARN_DOCUMENTATION_COMMENTS = YES;
				CLANG_WARN_EMPTY_BODY = YES;
				CLANG_WARN_ENUM_CONVERSION = YES;
				CLANG_WARN_INFINITE_RECURSION = YES;
				CLANG_WARN_INT_CONVERSION = YES;
				CLANG_WARN_NON_LITERAL_NULL_CONVERSION = YES;
				CLANG_WARN_OBJC_IMPLICIT_RETAIN_SELF = YES;
				CLANG_WARN_OBJC_LITERAL_CONVERSION = YES;
				CLANG_WARN_OBJC_ROOT_CLASS = YES_ERROR;
				CLANG_WARN_QUOTED_INCLUDE_IN_FRAMEWORK_HEADER = YES;
				CLANG_WARN_RANGE_LOOP_ANALYSIS = YES;
				CLANG_WARN_STRICT_PROTOTYPES = YES;
				CLANG_WARN_SUSPICIOUS_MOVE = YES;
				CLANG_WARN_UNGUARDED_AVAILABILITY = YES_AGGRESSIVE;
				CLANG_WARN_UNREACHABLE_CODE = YES;
				CLANG_WARN__DUPLICATE_METHOD_MATCH = YES;
				COPY_PHASE_STRIP = NO;
				DEBUG_INFORMATION_FORMAT = "dwarf-with-dsym";
				ENABLE_NS_ASSERTIONS = NO;
				ENABLE_STRICT_OBJC_MSGSEND = YES;
				ENABLE_USER_SCRIPT_SANDBOXING = YES;
				GCC_C_LANGUAGE_STANDARD = gnu17;
				GCC_NO_COMMON_BLOCKS = YES;
				GCC_WARN_64_TO_32_BIT_CONVERSION = YES;
				GCC_WARN_ABOUT_RETURN_TYPE = YES_ERROR;
				GCC_WARN_UNDECLARED_SELECTOR = YES;
				GCC_WARN_UNINITIALIZED_AUTOS = YES_AGGRESSIVE;
				GCC_WARN_UNUSED_FUNCTION = YES;
				GCC_WARN_UNUSED_VARIABLE = YES;
				IPHONEOS_DEPLOYMENT_TARGET = 17.4;
				LOCALIZATION_PREFERS_STRING_CATALOGS = YES;
				MTL_ENABLE_DEBUG_INFO = NO;
				MTL_FAST_MATH = YES;
				SDKROOT = iphoneos;
				SWIFT_COMPILATION_MODE = wholemodule;
				VALIDATE_PRODUCT = YES;
			};
			name = Release;
		};
		CEB9EB412BF1F5490093A288 /* Debug */ = {
			isa = XCBuildConfiguration;
			buildSettings = {
				ASSETCATALOG_COMPILER_APPICON_NAME = AppIcon;
				ASSETCATALOG_COMPILER_GLOBAL_ACCENT_COLOR_NAME = AccentColor;
				CODE_SIGN_STYLE = Automatic;
				CURRENT_PROJECT_VERSION = 1;
				DEVELOPMENT_ASSET_PATHS = "\"FoodTruckFinder/Preview Content\"";
				DEVELOPMENT_TEAM = 4X32RPLAW2;
				ENABLE_PREVIEWS = YES;
				GENERATE_INFOPLIST_FILE = YES;
				INFOPLIST_FILE = "GoogleService-Info.plist";
				INFOPLIST_KEY_UIApplicationSceneManifest_Generation = YES;
				INFOPLIST_KEY_UIApplicationSupportsIndirectInputEvents = YES;
				INFOPLIST_KEY_UILaunchScreen_Generation = YES;
				INFOPLIST_KEY_UISupportedInterfaceOrientations_iPad = "UIInterfaceOrientationPortrait UIInterfaceOrientationPortraitUpsideDown UIInterfaceOrientationLandscapeLeft UIInterfaceOrientationLandscapeRight";
				INFOPLIST_KEY_UISupportedInterfaceOrientations_iPhone = "UIInterfaceOrientationPortrait UIInterfaceOrientationLandscapeLeft UIInterfaceOrientationLandscapeRight";
				LD_RUNPATH_SEARCH_PATHS = (
					"$(inherited)",
					"@executable_path/Frameworks",
				);
				MARKETING_VERSION = 1.0;
				PRODUCT_BUNDLE_IDENTIFIER = com.OskarLovstrand.FoodTruckFinder;
				PRODUCT_NAME = "$(TARGET_NAME)";
				SWIFT_EMIT_LOC_STRINGS = YES;
				SWIFT_VERSION = 5.0;
				TARGETED_DEVICE_FAMILY = "1,2";
			};
			name = Debug;
		};
		CEB9EB422BF1F5490093A288 /* Release */ = {
			isa = XCBuildConfiguration;
			buildSettings = {
				ASSETCATALOG_COMPILER_APPICON_NAME = AppIcon;
				ASSETCATALOG_COMPILER_GLOBAL_ACCENT_COLOR_NAME = AccentColor;
				CODE_SIGN_STYLE = Automatic;
				CURRENT_PROJECT_VERSION = 1;
				DEVELOPMENT_ASSET_PATHS = "\"FoodTruckFinder/Preview Content\"";
				DEVELOPMENT_TEAM = 4X32RPLAW2;
				ENABLE_PREVIEWS = YES;
				GENERATE_INFOPLIST_FILE = YES;
				INFOPLIST_FILE = "GoogleService-Info.plist";
				INFOPLIST_KEY_UIApplicationSceneManifest_Generation = YES;
				INFOPLIST_KEY_UIApplicationSupportsIndirectInputEvents = YES;
				INFOPLIST_KEY_UILaunchScreen_Generation = YES;
				INFOPLIST_KEY_UISupportedInterfaceOrientations_iPad = "UIInterfaceOrientationPortrait UIInterfaceOrientationPortraitUpsideDown UIInterfaceOrientationLandscapeLeft UIInterfaceOrientationLandscapeRight";
				INFOPLIST_KEY_UISupportedInterfaceOrientations_iPhone = "UIInterfaceOrientationPortrait UIInterfaceOrientationLandscapeLeft UIInterfaceOrientationLandscapeRight";
				LD_RUNPATH_SEARCH_PATHS = (
					"$(inherited)",
					"@executable_path/Frameworks",
				);
				MARKETING_VERSION = 1.0;
				PRODUCT_BUNDLE_IDENTIFIER = com.OskarLovstrand.FoodTruckFinder;
				PRODUCT_NAME = "$(TARGET_NAME)";
				SWIFT_EMIT_LOC_STRINGS = YES;
				SWIFT_VERSION = 5.0;
				TARGETED_DEVICE_FAMILY = "1,2";
			};
			name = Release;
		};
/* End XCBuildConfiguration section */

/* Begin XCConfigurationList section */
		CEB9EB2D2BF1F5450093A288 /* Build configuration list for PBXProject "FoodTruckFinder" */ = {
			isa = XCConfigurationList;
			buildConfigurations = (
				CEB9EB3E2BF1F5490093A288 /* Debug */,
				CEB9EB3F2BF1F5490093A288 /* Release */,
			);
			defaultConfigurationIsVisible = 0;
			defaultConfigurationName = Release;
		};
		CEB9EB402BF1F5490093A288 /* Build configuration list for PBXNativeTarget "FoodTruckFinder" */ = {
			isa = XCConfigurationList;
			buildConfigurations = (
				CEB9EB412BF1F5490093A288 /* Debug */,
				CEB9EB422BF1F5490093A288 /* Release */,
			);
			defaultConfigurationIsVisible = 0;
			defaultConfigurationName = Release;
		};
/* End XCConfigurationList section */

/* Begin XCRemoteSwiftPackageReference section */
		5291D2EB2BF67F16004B7109 /* XCRemoteSwiftPackageReference "GoogleSignIn-iOS" */ = {
			isa = XCRemoteSwiftPackageReference;
			repositoryURL = "https://github.com/google/GoogleSignIn-iOS";
			requirement = {
				kind = upToNextMajorVersion;
				minimumVersion = 7.1.0;
			};
		};
		CEB9EB432BF1FE9B0093A288 /* XCRemoteSwiftPackageReference "firebase-ios-sdk" */ = {
			isa = XCRemoteSwiftPackageReference;
			repositoryURL = "https://github.com/firebase/firebase-ios-sdk";
			requirement = {
				kind = upToNextMajorVersion;
				minimumVersion = 10.25.0;
			};
		};
/* End XCRemoteSwiftPackageReference section */

/* Begin XCSwiftPackageProductDependency section */
		5291D2EC2BF67F16004B7109 /* GoogleSignIn */ = {
			isa = XCSwiftPackageProductDependency;
			package = 5291D2EB2BF67F16004B7109 /* XCRemoteSwiftPackageReference "GoogleSignIn-iOS" */;
			productName = GoogleSignIn;
		};
		5291D2EE2BF67F16004B7109 /* GoogleSignInSwift */ = {
			isa = XCSwiftPackageProductDependency;
			package = 5291D2EB2BF67F16004B7109 /* XCRemoteSwiftPackageReference "GoogleSignIn-iOS" */;
			productName = GoogleSignInSwift;
		};
		CEB9EB442BF1FE9B0093A288 /* FirebaseAnalyticsSwift */ = {
			isa = XCSwiftPackageProductDependency;
			package = CEB9EB432BF1FE9B0093A288 /* XCRemoteSwiftPackageReference "firebase-ios-sdk" */;
			productName = FirebaseAnalyticsSwift;
		};
		CEB9EB462BF1FE9B0093A288 /* FirebaseAuth */ = {
			isa = XCSwiftPackageProductDependency;
			package = CEB9EB432BF1FE9B0093A288 /* XCRemoteSwiftPackageReference "firebase-ios-sdk" */;
			productName = FirebaseAuth;
		};
		CEB9EB482BF1FE9B0093A288 /* FirebaseDatabaseSwift */ = {
			isa = XCSwiftPackageProductDependency;
			package = CEB9EB432BF1FE9B0093A288 /* XCRemoteSwiftPackageReference "firebase-ios-sdk" */;
			productName = FirebaseDatabaseSwift;
		};
		CEB9EB4A2BF1FE9B0093A288 /* FirebaseFirestoreSwift */ = {
			isa = XCSwiftPackageProductDependency;
			package = CEB9EB432BF1FE9B0093A288 /* XCRemoteSwiftPackageReference "firebase-ios-sdk" */;
			productName = FirebaseFirestoreSwift;
		};
		CEB9EB4C2BF1FE9B0093A288 /* FirebaseStorage */ = {
			isa = XCSwiftPackageProductDependency;
			package = CEB9EB432BF1FE9B0093A288 /* XCRemoteSwiftPackageReference "firebase-ios-sdk" */;
			productName = FirebaseStorage;
		};
/* End XCSwiftPackageProductDependency section */
	};
	rootObject = CEB9EB2A2BF1F5450093A288 /* Project object */;
}
